{
  "name": "@sparkleideas/claude-flow-patch",
  "version": "3.1.0-alpha.44.patch.4",
  "lockfileVersion": 3,
  "requires": true,
  "packages": {
    "": {
      "name": "@sparkleideas/claude-flow-patch",
      "version": "3.1.0-alpha.44.patch.4",
      "license": "MIT",
      "bin": {
        "claude-flow-patch": "bin/claude-flow-patch.mjs"
      },
      "engines": {
        "node": ">=20"
      }
    },
    "../claude-flow-guidance-implementation": {
      "name": "@sparkleideas/ruflow-guidance",
      "version": "3.0.0-alpha.1.wrapper.1",
      "extraneous": true,
      "license": "MIT",
      "dependencies": {
        "@claude-flow/guidance": "^3.0.0-alpha.1",
        "@claude-flow/hooks": "^3.0.0-alpha.7"
      },
      "bin": {
        "guidance": "bin/guidance.mjs"
      },
      "devDependencies": {
        "@vitest/coverage-v8": "^4.0.18",
        "vitest": "^4.0.18"
      },
      "engines": {
        "node": ">=20"
      }
    }
  }
}
